
Microsoft Visual Studio Solution File, Format Version 12.00
# Visual Studio Version 16
VisualStudioVersion = 16.0.30413.136
MinimumVisualStudioVersion = 10.0.40219.1
Project("{9A19103F-16F7-4668-BE54-9A1E7A4F7556}") = "EAP_Simulation", "EAP_Simulation\EAP_Simulation.csproj", "{F7C371BD-50CA-4B0C-B0D3-4D0D943742FD}"
EndProject
Project("{9A19103F-16F7-4668-BE54-9A1E7A4F7556}") = "EAP_Library", "EAP_Library\EAP_Library.csproj", "{9368C345-B984-487D-96B5-338491CD3785}"
EndProject
Project("{9A19103F-16F7-4668-BE54-9A1E7A4F7556}") = "EAP_WebAPI", "EAP_WebAPI\EAP_WebAPI.csproj", "{67E15E73-9AB0-45B9-9576-26969088C507}"
EndProject
Project("{00D1A9C2-B5F0-4AF3-8072-F6C62B433612}") = "KingstonDatabase", "C:\Users\ChengJhe\source\repos\KingstonDatabase\KingstonDatabase.sqlproj", "{142AD360-66CC-4406-A763-06644FAD52A7}"
EndProject
Global
	GlobalSection(SolutionConfigurationPlatforms) = preSolution
		Debug|Any CPU = Debug|Any CPU
		Release|Any CPU = Release|Any CPU
	EndGlobalSection
	GlobalSection(ProjectConfigurationPlatforms) = postSolution
		{F7C371BD-50CA-4B0C-B0D3-4D0D943742FD}.Debug|Any CPU.ActiveCfg = Debug|Any CPU
		{F7C371BD-50CA-4B0C-B0D3-4D0D943742FD}.Debug|Any CPU.Build.0 = Debug|Any CPU
		{F7C371BD-50CA-4B0C-B0D3-4D0D943742FD}.Release|Any CPU.ActiveCfg = Release|Any CPU
		{F7C371BD-50CA-4B0C-B0D3-4D0D943742FD}.Release|Any CPU.Build.0 = Release|Any CPU
		{9368C345-B984-487D-96B5-338491CD3785}.Debug|Any CPU.ActiveCfg = Debug|Any CPU
		{9368C345-B984-487D-96B5-338491CD3785}.Debug|Any CPU.Build.0 = Debug|Any CPU
		{9368C345-B984-487D-96B5-338491CD3785}.Release|Any CPU.ActiveCfg = Release|Any CPU
		{9368C345-B984-487D-96B5-338491CD3785}.Release|Any CPU.Build.0 = Release|Any CPU
		{67E15E73-9AB0-45B9-9576-26969088C507}.Debug|Any CPU.ActiveCfg = Debug|Any CPU
		{67E15E73-9AB0-45B9-9576-26969088C507}.Debug|Any CPU.Build.0 = Debug|Any CPU
		{67E15E73-9AB0-45B9-9576-26969088C507}.Release|Any CPU.ActiveCfg = Release|Any CPU
		{67E15E73-9AB0-45B9-9576-26969088C507}.Release|Any CPU.Build.0 = Release|Any CPU
		{142AD360-66CC-4406-A763-06644FAD52A7}.Debug|Any CPU.ActiveCfg = Debug|Any CPU
		{142AD360-66CC-4406-A763-06644FAD52A7}.Debug|Any CPU.Build.0 = Debug|Any CPU
		{142AD360-66CC-4406-A763-06644FAD52A7}.Debug|Any CPU.Deploy.0 = Debug|Any CPU
		{142AD360-66CC-4406-A763-06644FAD52A7}.Release|Any CPU.ActiveCfg = Release|Any CPU
		{142AD360-66CC-4406-A763-06644FAD52A7}.Release|Any CPU.Build.0 = Release|Any CPU
		{142AD360-66CC-4406-A763-06644FAD52A7}.Release|Any CPU.Deploy.0 = Release|Any CPU
	EndGlobalSection
	GlobalSection(SolutionProperties) = preSolution
		HideSolutionNode = FALSE
	EndGlobalSection
	GlobalSection(ExtensibilityGlobals) = postSolution
		SolutionGuid = {268F439E-7FC6-4ED2-8A1B-AA27682D992F}
	EndGlobalSection
EndGlobal
